# This file is automatically @generated by Cargo.
# It is not intended for manual editing.
version = 4

[[package]]
name = "deepwyrm-abi"
version = "0.0.0"
source = "git+https://github.com/JTM-rootstorm/deepwyrm.git?rev=37338e8d44c08ef039eb34a01292a6b6cb5cac3a#37338e8d44c08ef039eb34a01292a6b6cb5cac3a"

[[package]]
name = "wyrmroot-bootfs"
version = "0.0.0"

[[package]]
name = "wyrmroot-bootstrap"
version = "0.0.0"

[[package]]
name = "wyrmroot-bootstrap-proto"
version = "0.0.0"

[[package]]
name = "wyrmroot-efi-loader"
version = "0.0.0"
dependencies = [
 "deepwyrm-abi",
]

[[package]]
name = "wyrmroot-hello"
version = "0.0.0"

[[package]]
name = "wyrmroot-init0"
version = "0.0.0"

[[package]]
name = "wyrmroot-loader"
version = "0.0.0"

[[package]]
name = "wyrmroot-runtime"
version = "0.0.0"

[[package]]
name = "xtask"
version = "0.0.0"
