# This file is automatically @generated by Cargo.
# It is not intended for manual editing.
version = 4

[[package]]
name = "wyrmroot-bootfs"
version = "0.0.0"

[[package]]
name = "wyrmroot-bootstrap"
version = "0.0.0"

[[package]]
name = "wyrmroot-bootstrap-proto"
version = "0.0.0"

[[package]]
name = "wyrmroot-efi-loader"
version = "0.0.0"

[[package]]
name = "wyrmroot-hello"
version = "0.0.0"

[[package]]
name = "wyrmroot-init0"
version = "0.0.0"

[[package]]
name = "wyrmroot-loader"
version = "0.0.0"

[[package]]
name = "wyrmroot-runtime"
version = "0.0.0"

[[package]]
name = "xtask"
version = "0.0.0"
